
Microsoft Visual Studio Solution File, Format Version 12.00
# Visual Studio Version 17
VisualStudioVersion = 17.7.34024.191
MinimumVisualStudioVersion = 10.0.40219.1
Project("{FAE04EC0-301F-11D3-BF4B-00C04F79EFBC}") = "SignUpPage", "SignUpPage\SignUpPage.csproj", "{92ED2E24-7F53-4236-904B-83445A0C27F1}"
EndProject
Global
	GlobalSection(SolutionConfigurationPlatforms) = preSolution
		Debug|Any CPU = Debug|Any CPU
		Release|Any CPU = Release|Any CPU
	EndGlobalSection
	GlobalSection(ProjectConfigurationPlatforms) = postSolution
		{92ED2E24-7F53-4236-904B-83445A0C27F1}.Debug|Any CPU.ActiveCfg = Debug|Any CPU
		{92ED2E24-7F53-4236-904B-83445A0C27F1}.Debug|Any CPU.Build.0 = Debug|Any CPU
		{92ED2E24-7F53-4236-904B-83445A0C27F1}.Release|Any CPU.ActiveCfg = Release|Any CPU
		{92ED2E24-7F53-4236-904B-83445A0C27F1}.Release|Any CPU.Build.0 = Release|Any CPU
	EndGlobalSection
	GlobalSection(SolutionProperties) = preSolution
		HideSolutionNode = FALSE
	EndGlobalSection
	GlobalSection(ExtensibilityGlobals) = postSolution
		SolutionGuid = {C4D5F8D2-6162-4F13-BA1C-1B3873AE072A}
	EndGlobalSection
EndGlobal
